
Microsoft Visual Studio Solution File, Format Version 12.00
# Visual Studio 15
VisualStudioVersion = 15.0.28307.136
MinimumVisualStudioVersion = 10.0.40219.1
Project("{FAE04EC0-301F-11D3-BF4B-00C04F79EFBC}") = "DLProgram", "DLProgram\DLProgram.csproj", "{9F29D290-15A3-432E-9C5B-786FF486EEDB}"
EndProject
Global
	GlobalSection(SolutionConfigurationPlatforms) = preSolution
		Debug|Any CPU = Debug|Any CPU
		Release|Any CPU = Release|Any CPU
	EndGlobalSection
	GlobalSection(ProjectConfigurationPlatforms) = postSolution
		{9F29D290-15A3-432E-9C5B-786FF486EEDB}.Debug|Any CPU.ActiveCfg = Debug|Any CPU
		{9F29D290-15A3-432E-9C5B-786FF486EEDB}.Debug|Any CPU.Build.0 = Debug|Any CPU
		{9F29D290-15A3-432E-9C5B-786FF486EEDB}.Release|Any CPU.ActiveCfg = Release|Any CPU
		{9F29D290-15A3-432E-9C5B-786FF486EEDB}.Release|Any CPU.Build.0 = Release|Any CPU
	EndGlobalSection
	GlobalSection(SolutionProperties) = preSolution
		HideSolutionNode = FALSE
	EndGlobalSection
	GlobalSection(ExtensibilityGlobals) = postSolution
		SolutionGuid = {CC4D36F1-5F68-4D5A-9313-4145F2BE2C8E}
	EndGlobalSection
EndGlobal
